
Microsoft Visual Studio Solution File, Format Version 12.00
# Visual Studio 15
VisualStudioVersion = 15.0.27130.2027
MinimumVisualStudioVersion = 10.0.40219.1
Project("{8BC9CEB8-8B4A-11D0-8D11-00A0C91BC942}") = "GameOfLife", "GameOfLife\GameOfLife.vcxproj", "{29330E0F-CFC5-426D-B01F-D2E10E86B8FB}"
EndProject
Global
	GlobalSection(SolutionConfigurationPlatforms) = preSolution
		Debug|x64 = Debug|x64
		Debug|x86 = Debug|x86
		Release|x64 = Release|x64
		Release|x86 = Release|x86
	EndGlobalSection
	GlobalSection(ProjectConfigurationPlatforms) = postSolution
		{29330E0F-CFC5-426D-B01F-D2E10E86B8FB}.Debug|x64.ActiveCfg = Debug|x64
		{29330E0F-CFC5-426D-B01F-D2E10E86B8FB}.Debug|x64.Build.0 = Debug|x64
		{29330E0F-CFC5-426D-B01F-D2E10E86B8FB}.Debug|x86.ActiveCfg = Debug|Win32
		{29330E0F-CFC5-426D-B01F-D2E10E86B8FB}.Debug|x86.Build.0 = Debug|Win32
		{29330E0F-CFC5-426D-B01F-D2E10E86B8FB}.Release|x64.ActiveCfg = Release|x64
		{29330E0F-CFC5-426D-B01F-D2E10E86B8FB}.Release|x64.Build.0 = Release|x64
		{29330E0F-CFC5-426D-B01F-D2E10E86B8FB}.Release|x86.ActiveCfg = Release|Win32
		{29330E0F-CFC5-426D-B01F-D2E10E86B8FB}.Release|x86.Build.0 = Release|Win32
	EndGlobalSection
	GlobalSection(SolutionProperties) = preSolution
		HideSolutionNode = FALSE
	EndGlobalSection
	GlobalSection(ExtensibilityGlobals) = postSolution
		SolutionGuid = {5C70DD51-4623-48B5-A861-8822C44DFE71}
	EndGlobalSection
EndGlobal
